// !$*UTF8*$!
{
	archiveVersion = 1;
	classes = {
	};
	objectVersion = 50;
	objects = {

/* Begin PBXBuildFile section */
		1DC5AC001EF03E2357D5079B /* Pods_HeroPlayground.framework in Frameworks */ = {isa = PBXBuildFile; fileRef = 109447DDB7FFB4453831D08B /* Pods_HeroPlayground.framework */; };
		3CFE7881237D7FB400E76AAA /* AppDelegate.swift in Sources */ = {isa = PBXBuildFile; fileRef = 3CFE7880237D7FB400E76AAA /* AppDelegate.swift */; };
		3CFE7883237D7FB400E76AAA /* SceneDelegate.swift in Sources */ = {isa = PBXBuildFile; fileRef = 3CFE7882237D7FB400E76AAA /* SceneDelegate.swift */; };
		3CFE7885237D7FB400E76AAA /* ViewController.swift in Sources */ = {isa = PBXBuildFile; fileRef = 3CFE7884237D7FB400E76AAA /* ViewController.swift */; };
		3CFE7888237D7FB400E76AAA /* Main.storyboard in Resources */ = {isa = PBXBuildFile; fileRef = 3CFE7886237D7FB400E76AAA /* Main.storyboard */; };
		3CFE788A237D7FB600E76AAA /* Assets.xcassets in Resources */ = {isa = PBXBuildFile; fileRef = 3CFE7889237D7FB600E76AAA /* Assets.xcassets */; };
		3CFE788D237D7FB600E76AAA /* LaunchScreen.storyboard in Resources */ = {isa = PBXBuildFile; fileRef = 3CFE788B237D7FB600E76AAA /* LaunchScreen.storyboard */; };
/* End PBXBuildFile section */

/* Begin PBXFileReference section */
		109447DDB7FFB4453831D08B /* Pods_HeroPlayground.framework */ = {isa = PBXFileReference; explicitFileType = wrapper.framework; includeInIndex = 0; path = Pods_HeroPlayground.framework; sourceTree = BUILT_PRODUCTS_DIR; };
		36B5ADF5348031B5AED37F90 /* Pods-HeroPlayground.release.xcconfig */ = {isa = PBXFileReference; includeInIndex = 1; lastKnownFileType = text.xcconfig; name = "Pods-HeroPlayground.release.xcconfig"; path = "Target Support Files/Pods-HeroPlayground/Pods-HeroPlayground.release.xcconfig"; sourceTree = "<group>"; };
		3CFE787D237D7FB400E76AAA /* HeroPlayground.app */ = {isa = PBXFileReference; explicitFileType = wrapper.application; includeInIndex = 0; path = HeroPlayground.app; sourceTree = BUILT_PRODUCTS_DIR; };
		3CFE7880237D7FB400E76AAA /* AppDelegate.swift */ = {isa = PBXFileReference; lastKnownFileType = sourcecode.swift; path = AppDelegate.swift; sourceTree = "<group>"; };
		3CFE7882237D7FB400E76AAA /* SceneDelegate.swift */ = {isa = PBXFileReference; lastKnownFileType = sourcecode.swift; path = SceneDelegate.swift; sourceTree = "<group>"; };
		3CFE7884237D7FB400E76AAA /* ViewController.swift */ = {isa = PBXFileReference; lastKnownFileType = sourcecode.swift; path = ViewController.swift; sourceTree = "<group>"; };
		3CFE7887237D7FB400E76AAA /* Base */ = {isa = PBXFileReference; lastKnownFileType = file.storyboard; name = Base; path = Base.lproj/Main.storyboard; sourceTree = "<group>"; };
		3CFE7889237D7FB600E76AAA /* Assets.xcassets */ = {isa = PBXFileReference; lastKnownFileType = folder.assetcatalog; path = Assets.xcassets; sourceTree = "<group>"; };
		3CFE788C237D7FB600E76AAA /* Base */ = {isa = PBXFileReference; lastKnownFileType = file.storyboard; name = Base; path = Base.lproj/LaunchScreen.storyboard; sourceTree = "<group>"; };
		3CFE788E237D7FB600E76AAA /* Info.plist */ = {isa = PBXFileReference; lastKnownFileType = text.plist.xml; path = Info.plist; sourceTree = "<group>"; };
		7696D20BB8DF42BE17FF90BF /* Pods-HeroPlayground.debug.xcconfig */ = {isa = PBXFileReference; includeInIndex = 1; lastKnownFileType = text.xcconfig; name = "Pods-HeroPlayground.debug.xcconfig"; path = "Target Support Files/Pods-HeroPlayground/Pods-HeroPlayground.debug.xcconfig"; sourceTree = "<group>"; };
/* End PBXFileReference section */

/* Begin PBXFrameworksBuildPhase section */
		3CFE787A237D7FB400E76AAA /* Frameworks */ = {
			isa = PBXFrameworksBuildPhase;
			buildActionMask = 2147483647;
			files = (
				1DC5AC001EF03E2357D5079B /* Pods_HeroPlayground.framework in Frameworks */,
			);
			runOnlyForDeploymentPostprocessing = 0;
		};
/* End PBXFrameworksBuildPhase section */

/* Begin PBXGroup section */
		3CFE7874237D7FB400E76AAA = {
			isa = PBXGroup;
			children = (
				3CFE787F237D7FB400E76AAA /* HeroPlayground */,
				3CFE787E237D7FB400E76AAA /* Products */,
				94503C5AA7FB40CE50F30949 /* Pods */,
				6FA810387EAED38813EE687D /* Frameworks */,
			);
			sourceTree = "<group>";
		};
		3CFE787E237D7FB400E76AAA /* Products */ = {
			isa = PBXGroup;
			children = (
				3CFE787D237D7FB400E76AAA /* HeroPlayground.app */,
			);
			name = Products;
			sourceTree = "<group>";
		};
		3CFE787F237D7FB400E76AAA /* HeroPlayground */ = {
			isa = PBXGroup;
			children = (
				3CFE7880237D7FB400E76AAA /* AppDelegate.swift */,
				3CFE7882237D7FB400E76AAA /* SceneDelegate.swift */,
				3CFE7884237D7FB400E76AAA /* ViewController.swift */,
				3CFE7886237D7FB400E76AAA /* Main.storyboard */,
				3CFE7889237D7FB600E76AAA /* Assets.xcassets */,
				3CFE788B237D7FB600E76AAA /* LaunchScreen.storyboard */,
				3CFE788E237D7FB600E76AAA /* Info.plist */,
			);
			path = HeroPlayground;
			sourceTree = "<group>";
		};
		6FA810387EAED38813EE687D /* Frameworks */ = {
			isa = PBXGroup;
			children = (
				109447DDB7FFB4453831D08B /* Pods_HeroPlayground.framework */,
			);
			name = Frameworks;
			sourceTree = "<group>";
		};
		94503C5AA7FB40CE50F30949 /* Pods */ = {
			isa = PBXGroup;
			children = (
				7696D20BB8DF42BE17FF90BF /* Pods-HeroPlayground.debug.xcconfig */,
				36B5ADF5348031B5AED37F90 /* Pods-HeroPlayground.release.xcconfig */,
			);
			name = Pods;
			path = Pods;
			sourceTree = "<group>";
		};
/* End PBXGroup section */

/* Begin PBXNativeTarget section */
		3CFE787C237D7FB400E76AAA /* HeroPlayground */ = {
			isa = PBXNativeTarget;
			buildConfigurationList = 3CFE7891237D7FB600E76AAA /* Build configuration list for PBXNativeTarget "HeroPlayground" */;
			buildPhases = (
				5BC38DDCA04FBDE852ED4FD3 /* [CP] Check Pods Manifest.lock */,
				3CFE7879237D7FB400E76AAA /* Sources */,
				3CFE787A237D7FB400E76AAA /* Frameworks */,
				3CFE787B237D7FB400E76AAA /* Resources */,
				BF5FC09EAE9BE0331E9BE0D5 /* [CP] Embed Pods Frameworks */,
			);
			buildRules = (
			);
			dependencies = (
			);
			name = HeroPlayground;
			productName = HeroPlayground;
			productReference = 3CFE787D237D7FB400E76AAA /* HeroPlayground.app */;
			productType = "com.apple.product-type.application";
		};
/* End PBXNativeTarget section */

/* Begin PBXProject section */
		3CFE7875237D7FB400E76AAA /* Project object */ = {
			isa = PBXProject;
			attributes = {
				LastSwiftUpdateCheck = 1120;
				LastUpgradeCheck = 1120;
				ORGANIZATIONNAME = "Hanawa Takuro";
				TargetAttributes = {
					3CFE787C237D7FB400E76AAA = {
						CreatedOnToolsVersion = 11.2;
					};
				};
			};
			buildConfigurationList = 3CFE7878237D7FB400E76AAA /* Build configuration list for PBXProject "HeroPlayground" */;
			compatibilityVersion = "Xcode 9.3";
			developmentRegion = en;
			hasScannedForEncodings = 0;
			knownRegions = (
				en,
				Base,
			);
			mainGroup = 3CFE7874237D7FB400E76AAA;
			productRefGroup = 3CFE787E237D7FB400E76AAA /* Products */;
			projectDirPath = "";
			projectRoot = "";
			targets = (
				3CFE787C237D7FB400E76AAA /* HeroPlayground */,
			);
		};
/* End PBXProject section */

/* Begin PBXResourcesBuildPhase section */
		3CFE787B237D7FB400E76AAA /* Resources */ = {
			isa = PBXResourcesBuildPhase;
			buildActionMask = 2147483647;
			files = (
				3CFE788D237D7FB600E76AAA /* LaunchScreen.storyboard in Resources */,
				3CFE788A237D7FB600E76AAA /* Assets.xcassets in Resources */,
				3CFE7888237D7FB400E76AAA /* Main.storyboard in Resources */,
			);
			runOnlyForDeploymentPostprocessing = 0;
		};
/* End PBXResourcesBuildPhase section */

/* Begin PBXShellScriptBuildPhase section */
		5BC38DDCA04FBDE852ED4FD3 /* [CP] Check Pods Manifest.lock */ = {
			isa = PBXShellScriptBuildPhase;
			buildActionMask = 2147483647;
			files = (
			);
			inputFileListPaths = (
			);
			inputPaths = (
				"${PODS_PODFILE_DIR_PATH}/Podfile.lock",
				"${PODS_ROOT}/Manifest.lock",
			);
			name = "[CP] Check Pods Manifest.lock";
			outputFileListPaths = (
			);
			outputPaths = (
				"$(DERIVED_FILE_DIR)/Pods-HeroPlayground-checkManifestLockResult.txt",
			);
			runOnlyForDeploymentPostprocessing = 0;
			shellPath = /bin/sh;
			shellScript = "diff \"${PODS_PODFILE_DIR_PATH}/Podfile.lock\" \"${PODS_ROOT}/Manifest.lock\" > /dev/null\nif [ $? != 0 ] ; then\n    # print error to STDERR\n    echo \"error: The sandbox is not in sync with the Podfile.lock. Run 'pod install' or update your CocoaPods installation.\" >&2\n    exit 1\nfi\n# This output is used by Xcode 'outputs' to avoid re-running this script phase.\necho \"SUCCESS\" > \"${SCRIPT_OUTPUT_FILE_0}\"\n";
			showEnvVarsInLog = 0;
		};
		BF5FC09EAE9BE0331E9BE0D5 /* [CP] Embed Pods Frameworks */ = {
			isa = PBXShellScriptBuildPhase;
			buildActionMask = 2147483647;
			files = (
			);
			inputFileListPaths = (
			);
			inputPaths = (
				"${PODS_ROOT}/Target Support Files/Pods-HeroPlayground/Pods-HeroPlayground-frameworks.sh",
				"${BUILT_PRODUCTS_DIR}/Hero/Hero.framework",
			);
			name = "[CP] Embed Pods Frameworks";
			outputFileListPaths = (
			);
			outputPaths = (
				"${TARGET_BUILD_DIR}/${FRAMEWORKS_FOLDER_PATH}/Hero.framework",
			);
			runOnlyForDeploymentPostprocessing = 0;
			shellPath = /bin/sh;
			shellScript = "\"${PODS_ROOT}/Target Support Files/Pods-HeroPlayground/Pods-HeroPlayground-frameworks.sh\"\n";
			showEnvVarsInLog = 0;
		};
/* End PBXShellScriptBuildPhase section */

/* Begin PBXSourcesBuildPhase section */
		3CFE7879237D7FB400E76AAA /* Sources */ = {
			isa = PBXSourcesBuildPhase;
			buildActionMask = 2147483647;
			files = (
				3CFE7885237D7FB400E76AAA /* ViewController.swift in Sources */,
				3CFE7881237D7FB400E76AAA /* AppDelegate.swift in Sources */,
				3CFE7883237D7FB400E76AAA /* SceneDelegate.swift in Sources */,
			);
			runOnlyForDeploymentPostprocessing = 0;
		};
/* End PBXSourcesBuildPhase section */

/* Begin PBXVariantGroup section */
		3CFE7886237D7FB400E76AAA /* Main.storyboard */ = {
			isa = PBXVariantGroup;
			children = (
				3CFE7887237D7FB400E76AAA /* Base */,
			);
			name = Main.storyboard;
			sourceTree = "<group>";
		};
		3CFE788B237D7FB600E76AAA /* LaunchScreen.storyboard */ = {
			isa = PBXVariantGroup;
			children = (
				3CFE788C237D7FB600E76AAA /* Base */,
			);
			name = LaunchScreen.storyboard;
			sourceTree = "<group>";
		};
/* End PBXVariantGroup section */

/* Begin XCBuildConfiguration section */
		3CFE788F237D7FB600E76AAA /* Debug */ = {
			isa = XCBuildConfiguration;
			buildSettings = {
				ALWAYS_SEARCH_USER_PATHS = NO;
				CLANG_ANALYZER_NONNULL = YES;
				CLANG_ANALYZER_NUMBER_OBJECT_CONVERSION = YES_AGGRESSIVE;
				CLANG_CXX_LANGUAGE_STANDARD = "gnu++14";
				CLANG_CXX_LIBRARY = "libc++";
				CLANG_ENABLE_MODULES = YES;
				CLANG_ENABLE_OBJC_ARC = YES;
				CLANG_ENABLE_OBJC_WEAK = YES;
				CLANG_WARN_BLOCK_CAPTURE_AUTORELEASING = YES;
				CLANG_WARN_BOOL_CONVERSION = YES;
				CLANG_WARN_COMMA = YES;
				CLANG_WARN_CONSTANT_CONVERSION = YES;
				CLANG_WARN_DEPRECATED_OBJC_IMPLEMENTATIONS = YES;
				CLANG_WARN_DIRECT_OBJC_ISA_USAGE = YES_ERROR;
				CLANG_WARN_DOCUMENTATION_COMMENTS = YES;
				CLANG_WARN_EMPTY_BODY = YES;
				CLANG_WARN_ENUM_CONVERSION = YES;
				CLANG_WARN_INFINITE_RECURSION = YES;
				CLANG_WARN_INT_CONVERSION = YES;
				CLANG_WARN_NON_LITERAL_NULL_CONVERSION = YES;
				CLANG_WARN_OBJC_IMPLICIT_RETAIN_SELF = YES;
				CLANG_WARN_OBJC_LITERAL_CONVERSION = YES;
				CLANG_WARN_OBJC_ROOT_CLASS = YES_ERROR;
				CLANG_WARN_RANGE_LOOP_ANALYSIS = YES;
				CLANG_WARN_STRICT_PROTOTYPES = YES;
				CLANG_WARN_SUSPICIOUS_MOVE = YES;
				CLANG_WARN_UNGUARDED_AVAILABILITY = YES_AGGRESSIVE;
				CLANG_WARN_UNREACHABLE_CODE = YES;
				CLANG_WARN__DUPLICATE_METHOD_MATCH = YES;
				COPY_PHASE_STRIP = NO;
				DEBUG_INFORMATION_FORMAT = dwarf;
				ENABLE_STRICT_OBJC_MSGSEND = YES;
				ENABLE_TESTABILITY = YES;
				GCC_C_LANGUAGE_STANDARD = gnu11;
				GCC_DYNAMIC_NO_PIC = NO;
				GCC_NO_COMMON_BLOCKS = YES;
				GCC_OPTIMIZATION_LEVEL = 0;
				GCC_PREPROCESSOR_DEFINITIONS = (
					"DEBUG=1",
					"$(inherited)",
				);
				GCC_WARN_64_TO_32_BIT_CONVERSION = YES;
				GCC_WARN_ABOUT_RETURN_TYPE = YES_ERROR;
				GCC_WARN_UNDECLARED_SELECTOR = YES;
				GCC_WARN_UNINITIALIZED_AUTOS = YES_AGGRESSIVE;
				GCC_WARN_UNUSED_FUNCTION = YES;
				GCC_WARN_UNUSED_VARIABLE = YES;
				IPHONEOS_DEPLOYMENT_TARGET = 13.2;
				MTL_ENABLE_DEBUG_INFO = INCLUDE_SOURCE;
				MTL_FAST_MATH = YES;
				ONLY_ACTIVE_ARCH = YES;
				SDKROOT = iphoneos;
				SWIFT_ACTIVE_COMPILATION_CONDITIONS = DEBUG;
				SWIFT_OPTIMIZATION_LEVEL = "-Onone";
			};
			name = Debug;
		};
		3CFE7890237D7FB600E76AAA /* Release */ = {
			isa = XCBuildConfiguration;
			buildSettings = {
				ALWAYS_SEARCH_USER_PATHS = NO;
				CLANG_ANALYZER_NONNULL = YES;
				CLANG_ANALYZER_NUMBER_OBJECT_CONVERSION = YES_AGGRESSIVE;
				CLANG_CXX_LANGUAGE_STANDARD = "gnu++14";
				CLANG_CXX_LIBRARY = "libc++";
				CLANG_ENABLE_MODULES = YES;
				CLANG_ENABLE_OBJC_ARC = YES;
				CLANG_ENABLE_OBJC_WEAK = YES;
				CLANG_WARN_BLOCK_CAPTURE_AUTORELEASING = YES;
				CLANG_WARN_BOOL_CONVERSION = YES;
				CLANG_WARN_COMMA = YES;
				CLANG_WARN_CONSTANT_CONVERSION = YES;
				CLANG_WARN_DEPRECATED_OBJC_IMPLEMENTATIONS = YES;
				CLANG_WARN_DIRECT_OBJC_ISA_USAGE = YES_ERROR;
				CLANG_WARN_DOCUMENTATION_COMMENTS = YES;
				CLANG_WARN_EMPTY_BODY = YES;
				CLANG_WARN_ENUM_CONVERSION = YES;
				CLANG_WARN_INFINITE_RECURSION = YES;
				CLANG_WARN_INT_CONVERSION = YES;
				CLANG_WARN_NON_LITERAL_NULL_CONVERSION = YES;
				CLANG_WARN_OBJC_IMPLICIT_RETAIN_SELF = YES;
				CLANG_WARN_OBJC_LITERAL_CONVERSION = YES;
				CLANG_WARN_OBJC_ROOT_CLASS = YES_ERROR;
				CLANG_WARN_RANGE_LOOP_ANALYSIS = YES;
				CLANG_WARN_STRICT_PROTOTYPES = YES;
				CLANG_WARN_SUSPICIOUS_MOVE = YES;
				CLANG_WARN_UNGUARDED_AVAILABILITY = YES_AGGRESSIVE;
				CLANG_WARN_UNREACHABLE_CODE = YES;
				CLANG_WARN__DUPLICATE_METHOD_MATCH = YES;
				COPY_PHASE_STRIP = NO;
				DEBUG_INFORMATION_FORMAT = "dwarf-with-dsym";
				ENABLE_NS_ASSERTIONS = NO;
				ENABLE_STRICT_OBJC_MSGSEND = YES;
				GCC_C_LANGUAGE_STANDARD = gnu11;
				GCC_NO_COMMON_BLOCKS = YES;
				GCC_WARN_64_TO_32_BIT_CONVERSION = YES;
				GCC_WARN_ABOUT_RETURN_TYPE = YES_ERROR;
				GCC_WARN_UNDECLARED_SELECTOR = YES;
				GCC_WARN_UNINITIALIZED_AUTOS = YES_AGGRESSIVE;
				GCC_WARN_UNUSED_FUNCTION = YES;
				GCC_WARN_UNUSED_VARIABLE = YES;
				IPHONEOS_DEPLOYMENT_TARGET = 13.2;
				MTL_ENABLE_DEBUG_INFO = NO;
				MTL_FAST_MATH = YES;
				SDKROOT = iphoneos;
				SWIFT_COMPILATION_MODE = wholemodule;
				SWIFT_OPTIMIZATION_LEVEL = "-O";
				VALIDATE_PRODUCT = YES;
			};
			name = Release;
		};
		3CFE7892237D7FB600E76AAA /* Debug */ = {
			isa = XCBuildConfiguration;
			baseConfigurationReference = 7696D20BB8DF42BE17FF90BF /* Pods-HeroPlayground.debug.xcconfig */;
			buildSettings = {
				ASSETCATALOG_COMPILER_APPICON_NAME = AppIcon;
				CODE_SIGN_STYLE = Automatic;
				DEVELOPMENT_TEAM = KWVQHA883D;
				INFOPLIST_FILE = HeroPlayground/Info.plist;
				LD_RUNPATH_SEARCH_PATHS = (
					"$(inherited)",
					"@executable_path/Frameworks",
				);
				PRODUCT_BUNDLE_IDENTIFIER = com.hustler.HeroPlayground;
				PRODUCT_NAME = "$(TARGET_NAME)";
				SWIFT_VERSION = 5.0;
				TARGETED_DEVICE_FAMILY = "1,2";
			};
			name = Debug;
		};
		3CFE7893237D7FB600E76AAA /* Release */ = {
			isa = XCBuildConfiguration;
			baseConfigurationReference = 36B5ADF5348031B5AED37F90 /* Pods-HeroPlayground.release.xcconfig */;
			buildSettings = {
				ASSETCATALOG_COMPILER_APPICON_NAME = AppIcon;
				CODE_SIGN_STYLE = Automatic;
				DEVELOPMENT_TEAM = KWVQHA883D;
				INFOPLIST_FILE = HeroPlayground/Info.plist;
				LD_RUNPATH_SEARCH_PATHS = (
					"$(inherited)",
					"@executable_path/Frameworks",
				);
				PRODUCT_BUNDLE_IDENTIFIER = com.hustler.HeroPlayground;
				PRODUCT_NAME = "$(TARGET_NAME)";
				SWIFT_VERSION = 5.0;
				TARGETED_DEVICE_FAMILY = "1,2";
			};
			name = Release;
		};
/* End XCBuildConfiguration section */

/* Begin XCConfigurationList section */
		3CFE7878237D7FB400E76AAA /* Build configuration list for PBXProject "HeroPlayground" */ = {
			isa = XCConfigurationList;
			buildConfigurations = (
				3CFE788F237D7FB600E76AAA /* Debug */,
				3CFE7890237D7FB600E76AAA /* Release */,
			);
			defaultConfigurationIsVisible = 0;
			defaultConfigurationName = Release;
		};
		3CFE7891237D7FB600E76AAA /* Build configuration list for PBXNativeTarget "HeroPlayground" */ = {
			isa = XCConfigurationList;
			buildConfigurations = (
				3CFE7892237D7FB600E76AAA /* Debug */,
				3CFE7893237D7FB600E76AAA /* Release */,
			);
			defaultConfigurationIsVisible = 0;
			defaultConfigurationName = Release;
		};
/* End XCConfigurationList section */
	};
	rootObject = 3CFE7875237D7FB400E76AAA /* Project object */;
}
